{
  "nodes": {
    "nixpkgs": {
      "locked": {
        "lastModified": 1697756275,
        "narHash": "sha256-KAZ2F9He5oH2NPxhWDLmtGAsiBjPi7yps1OGZu6peMM=",
        "owner": "NixOS",
        "repo": "nixpkgs",
        "rev": "d042a296139c6a111be3e3d5dc9ef6783b5e7c16",
        "type": "github"
      },
      "original": {
        "id": "nixpkgs",
        "type": "indirect"
      }
    },
    "root": {
      "inputs": {
        "nixpkgs": "nixpkgs"
      }
    }
  },
  "root": "root",
  "version": 7
}
